// !$*UTF8*$!
{
	archiveVersion = 1;
	classes = {
	};
	objectVersion = 50;
	objects = {

/* Begin PBXBuildFile section */
		CD64987A2620AB6D0045E873 /* ModelData.swift in Sources */ = {isa = PBXBuildFile; fileRef = CD6498792620AB6D0045E873 /* ModelData.swift */; };
		CD64988126215DC90045E873 /* LandmarkRow.swift in Sources */ = {isa = PBXBuildFile; fileRef = CD64988026215DC90045E873 /* LandmarkRow.swift */; };
		CD64988526216CDD0045E873 /* LandmarkList.swift in Sources */ = {isa = PBXBuildFile; fileRef = CD64988426216CDD0045E873 /* LandmarkList.swift */; };
		CD6498882621763D0045E873 /* LandmarkDetail.swift in Sources */ = {isa = PBXBuildFile; fileRef = CD6498872621763D0045E873 /* LandmarkDetail.swift */; };
		CD64988B2626DE410045E873 /* FavoriteButton.swift in Sources */ = {isa = PBXBuildFile; fileRef = CD64988A2626DE410045E873 /* FavoriteButton.swift */; };
		CD6498922627097C0045E873 /* HexagonParameters.swift in Sources */ = {isa = PBXBuildFile; fileRef = CD6498912627097C0045E873 /* HexagonParameters.swift */; };
		CD670DC72613114300BB692B /* landmarkData.json in Resources */ = {isa = PBXBuildFile; fileRef = CD670DC62613114300BB692B /* landmarkData.json */; };
		CD670DCA2613123F00BB692B /* Landmark.swift in Sources */ = {isa = PBXBuildFile; fileRef = CD670DC92613123F00BB692B /* Landmark.swift */; };
		CDBE32CB2627E4CB00E7C047 /* BadgeBackground.swift in Sources */ = {isa = PBXBuildFile; fileRef = CDBE32CA2627E4CB00E7C047 /* BadgeBackground.swift */; };
		CDBE32CE26282F5800E7C047 /* BadgeSymbol.swift in Sources */ = {isa = PBXBuildFile; fileRef = CDBE32CD26282F5800E7C047 /* BadgeSymbol.swift */; };
		CDBE32D12628396400E7C047 /* RotatedBadgeSymbol.swift in Sources */ = {isa = PBXBuildFile; fileRef = CDBE32D02628396400E7C047 /* RotatedBadgeSymbol.swift */; };
		CDBE32D426283C1D00E7C047 /* Badge.swift in Sources */ = {isa = PBXBuildFile; fileRef = CDBE32D326283C1D00E7C047 /* Badge.swift */; };
		CDBE32D92628584F00E7C047 /* hikeData.json in Resources */ = {isa = PBXBuildFile; fileRef = CDBE32D82628584F00E7C047 /* hikeData.json */; };
		CDBE32E02628588200E7C047 /* GraphCapsule.swift in Sources */ = {isa = PBXBuildFile; fileRef = CDBE32DC2628588200E7C047 /* GraphCapsule.swift */; };
		CDBE32E12628588200E7C047 /* HikeGraph.swift in Sources */ = {isa = PBXBuildFile; fileRef = CDBE32DD2628588200E7C047 /* HikeGraph.swift */; };
		CDBE32E22628588200E7C047 /* HikeDetail.swift in Sources */ = {isa = PBXBuildFile; fileRef = CDBE32DE2628588200E7C047 /* HikeDetail.swift */; };
		CDBE32E32628588200E7C047 /* HikeView.swift in Sources */ = {isa = PBXBuildFile; fileRef = CDBE32DF2628588200E7C047 /* HikeView.swift */; };
		CDBE32EB2628592A00E7C047 /* Hike.swift in Sources */ = {isa = PBXBuildFile; fileRef = CDBE32EA2628592A00E7C047 /* Hike.swift */; };
		CDBE32F42629330000E7C047 /* CategoryHome.swift in Sources */ = {isa = PBXBuildFile; fileRef = CDBE32F32629330000E7C047 /* CategoryHome.swift */; };
		CDBE32F826293B7500E7C047 /* CategoryRow.swift in Sources */ = {isa = PBXBuildFile; fileRef = CDBE32F726293B7500E7C047 /* CategoryRow.swift */; };
		CDBE32FB26295E6900E7C047 /* CategoryItem.swift in Sources */ = {isa = PBXBuildFile; fileRef = CDBE32FA26295E6900E7C047 /* CategoryItem.swift */; };
		CDBE32FF26296D1100E7C047 /* Profile.swift in Sources */ = {isa = PBXBuildFile; fileRef = CDBE32FE26296D1100E7C047 /* Profile.swift */; };
		CDBE330326296D8700E7C047 /* ProfileHost.swift in Sources */ = {isa = PBXBuildFile; fileRef = CDBE330226296D8700E7C047 /* ProfileHost.swift */; };
		CDBE330726296E1000E7C047 /* ProfileSummary.swift in Sources */ = {isa = PBXBuildFile; fileRef = CDBE330626296E1000E7C047 /* ProfileSummary.swift */; };
		CDBE330A262970AB00E7C047 /* HikeBadge.swift in Sources */ = {isa = PBXBuildFile; fileRef = CDBE3309262970AB00E7C047 /* HikeBadge.swift */; };
		CDBE331026298A2C00E7C047 /* ProfileEditor.swift in Sources */ = {isa = PBXBuildFile; fileRef = CDBE330F26298A2C00E7C047 /* ProfileEditor.swift */; };
		CDBE3315262997E900E7C047 /* PageViewController.swift in Sources */ = {isa = PBXBuildFile; fileRef = CDBE3314262997E900E7C047 /* PageViewController.swift */; };
		CDBE3319262AC1DC00E7C047 /* FeatureCard.swift in Sources */ = {isa = PBXBuildFile; fileRef = CDBE3318262AC1DC00E7C047 /* FeatureCard.swift */; };
		CDBE331C262AF72A00E7C047 /* PageView.swift in Sources */ = {isa = PBXBuildFile; fileRef = CDBE331B262AF72A00E7C047 /* PageView.swift */; };
		CDBE331F262C616100E7C047 /* PageControl.swift in Sources */ = {isa = PBXBuildFile; fileRef = CDBE331E262C616100E7C047 /* PageControl.swift */; };
		CDBE3326262D651E00E7C047 /* Assets.xcassets in Resources */ = {isa = PBXBuildFile; fileRef = CDBE3325262D651E00E7C047 /* Assets.xcassets */; };
		CDBE332D262D651E00E7C047 /* WatchLandmarks Extension.appex in Embed App Extensions */ = {isa = PBXBuildFile; fileRef = CDBE332C262D651E00E7C047 /* WatchLandmarks Extension.appex */; settings = {ATTRIBUTES = (RemoveHeadersOnCopy, ); }; };
		CDBE3334262D651E00E7C047 /* ContentView.swift in Sources */ = {isa = PBXBuildFile; fileRef = CDBE3333262D651E00E7C047 /* ContentView.swift */; };
		CDBE3336262D651E00E7C047 /* NotificationController.swift in Sources */ = {isa = PBXBuildFile; fileRef = CDBE3335262D651E00E7C047 /* NotificationController.swift */; };
		CDBE3338262D651E00E7C047 /* NotificationView.swift in Sources */ = {isa = PBXBuildFile; fileRef = CDBE3337262D651E00E7C047 /* NotificationView.swift */; };
		CDBE333A262D651E00E7C047 /* ComplicationController.swift in Sources */ = {isa = PBXBuildFile; fileRef = CDBE3339262D651E00E7C047 /* ComplicationController.swift */; };
		CDBE333C262D651E00E7C047 /* Assets.xcassets in Resources */ = {isa = PBXBuildFile; fileRef = CDBE333B262D651E00E7C047 /* Assets.xcassets */; };
		CDBE333F262D651E00E7C047 /* Preview Assets.xcassets in Resources */ = {isa = PBXBuildFile; fileRef = CDBE333E262D651E00E7C047 /* Preview Assets.xcassets */; };
		CDBE3344262D651E00E7C047 /* WatchLandmarks.app in Embed Watch Content */ = {isa = PBXBuildFile; fileRef = CDBE3323262D651D00E7C047 /* WatchLandmarks.app */; settings = {ATTRIBUTES = (RemoveHeadersOnCopy, ); }; };
		CDBE3353262D666300E7C047 /* Landmark.swift in Sources */ = {isa = PBXBuildFile; fileRef = CD670DC92613123F00BB692B /* Landmark.swift */; };
		CDBE3354262D666300E7C047 /* CircleImage.swift in Sources */ = {isa = PBXBuildFile; fileRef = CDCAF6202611CDB900483D5E /* CircleImage.swift */; };
		CDBE3355262D666300E7C047 /* Hike.swift in Sources */ = {isa = PBXBuildFile; fileRef = CDBE32EA2628592A00E7C047 /* Hike.swift */; };
		CDBE3356262D666300E7C047 /* ModelData.swift in Sources */ = {isa = PBXBuildFile; fileRef = CD6498792620AB6D0045E873 /* ModelData.swift */; };
		CDBE3357262D666300E7C047 /* Profile.swift in Sources */ = {isa = PBXBuildFile; fileRef = CDBE32FE26296D1100E7C047 /* Profile.swift */; };
		CDBE3358262D666300E7C047 /* landmarkData.json in Resources */ = {isa = PBXBuildFile; fileRef = CD670DC62613114300BB692B /* landmarkData.json */; };
		CDBE3359262D666300E7C047 /* Assets.xcassets in Resources */ = {isa = PBXBuildFile; fileRef = CDC808922610D950001E64F3 /* Assets.xcassets */; };
		CDBE335A262D666300E7C047 /* LandmarkList.swift in Sources */ = {isa = PBXBuildFile; fileRef = CD64988426216CDD0045E873 /* LandmarkList.swift */; };
		CDBE335B262D666300E7C047 /* hikeData.json in Resources */ = {isa = PBXBuildFile; fileRef = CDBE32D82628584F00E7C047 /* hikeData.json */; };
		CDBE335C262D666300E7C047 /* MapView.swift in Sources */ = {isa = PBXBuildFile; fileRef = CDCAF6232611D1FD00483D5E /* MapView.swift */; };
		CDBE335D262D666300E7C047 /* LandmarksApp.swift in Sources */ = {isa = PBXBuildFile; fileRef = CDC8088E2610D94F001E64F3 /* LandmarksApp.swift */; };
		CDBE335E262D666300E7C047 /* LandmarkRow.swift in Sources */ = {isa = PBXBuildFile; fileRef = CD64988026215DC90045E873 /* LandmarkRow.swift */; };
		CDBE3363262D68D100E7C047 /* LandmarkDetail.swift in Sources */ = {isa = PBXBuildFile; fileRef = CDBE3362262D68D100E7C047 /* LandmarkDetail.swift */; };
		CDC8088F2610D94F001E64F3 /* LandmarksApp.swift in Sources */ = {isa = PBXBuildFile; fileRef = CDC8088E2610D94F001E64F3 /* LandmarksApp.swift */; };
		CDC808912610D94F001E64F3 /* ContentView.swift in Sources */ = {isa = PBXBuildFile; fileRef = CDC808902610D94F001E64F3 /* ContentView.swift */; };
		CDC808932610D950001E64F3 /* Assets.xcassets in Resources */ = {isa = PBXBuildFile; fileRef = CDC808922610D950001E64F3 /* Assets.xcassets */; };
		CDC808962610D950001E64F3 /* Preview Assets.xcassets in Resources */ = {isa = PBXBuildFile; fileRef = CDC808952610D950001E64F3 /* Preview Assets.xcassets */; };
		CDCAF6212611CDB900483D5E /* CircleImage.swift in Sources */ = {isa = PBXBuildFile; fileRef = CDCAF6202611CDB900483D5E /* CircleImage.swift */; };
		CDCAF6242611D1FD00483D5E /* MapView.swift in Sources */ = {isa = PBXBuildFile; fileRef = CDCAF6232611D1FD00483D5E /* MapView.swift */; };
/* End PBXBuildFile section */

/* Begin PBXContainerItemProxy section */
		CDBE332E262D651E00E7C047 /* PBXContainerItemProxy */ = {
			isa = PBXContainerItemProxy;
			containerPortal = CDC808832610D94F001E64F3 /* Project object */;
			proxyType = 1;
			remoteGlobalIDString = CDBE332B262D651E00E7C047;
			remoteInfo = "WatchLandmarks Extension";
		};
		CDBE3342262D651E00E7C047 /* PBXContainerItemProxy */ = {
			isa = PBXContainerItemProxy;
			containerPortal = CDC808832610D94F001E64F3 /* Project object */;
			proxyType = 1;
			remoteGlobalIDString = CDBE3322262D651D00E7C047;
			remoteInfo = WatchLandmarks;
		};
/* End PBXContainerItemProxy section */

/* Begin PBXCopyFilesBuildPhase section */
		CDBE3348262D651E00E7C047 /* Embed App Extensions */ = {
			isa = PBXCopyFilesBuildPhase;
			buildActionMask = 2147483647;
			dstPath = "";
			dstSubfolderSpec = 13;
			files = (
				CDBE332D262D651E00E7C047 /* WatchLandmarks Extension.appex in Embed App Extensions */,
			);
			name = "Embed App Extensions";
			runOnlyForDeploymentPostprocessing = 0;
		};
		CDBE334C262D651E00E7C047 /* Embed Watch Content */ = {
			isa = PBXCopyFilesBuildPhase;
			buildActionMask = 2147483647;
			dstPath = "$(CONTENTS_FOLDER_PATH)/Watch";
			dstSubfolderSpec = 16;
			files = (
				CDBE3344262D651E00E7C047 /* WatchLandmarks.app in Embed Watch Content */,
			);
			name = "Embed Watch Content";
			runOnlyForDeploymentPostprocessing = 0;
		};
/* End PBXCopyFilesBuildPhase section */

/* Begin PBXFileReference section */
		CD6498792620AB6D0045E873 /* ModelData.swift */ = {isa = PBXFileReference; lastKnownFileType = sourcecode.swift; path = ModelData.swift; sourceTree = "<group>"; };
		CD64988026215DC90045E873 /* LandmarkRow.swift */ = {isa = PBXFileReference; lastKnownFileType = sourcecode.swift; path = LandmarkRow.swift; sourceTree = "<group>"; };
		CD64988426216CDD0045E873 /* LandmarkList.swift */ = {isa = PBXFileReference; lastKnownFileType = sourcecode.swift; path = LandmarkList.swift; sourceTree = "<group>"; };
		CD6498872621763D0045E873 /* LandmarkDetail.swift */ = {isa = PBXFileReference; lastKnownFileType = sourcecode.swift; path = LandmarkDetail.swift; sourceTree = "<group>"; };
		CD64988A2626DE410045E873 /* FavoriteButton.swift */ = {isa = PBXFileReference; lastKnownFileType = sourcecode.swift; path = FavoriteButton.swift; sourceTree = "<group>"; };
		CD6498912627097C0045E873 /* HexagonParameters.swift */ = {isa = PBXFileReference; lastKnownFileType = sourcecode.swift; path = HexagonParameters.swift; sourceTree = "<group>"; };
		CD670DC62613114300BB692B /* landmarkData.json */ = {isa = PBXFileReference; fileEncoding = 4; lastKnownFileType = text.json; path = landmarkData.json; sourceTree = "<group>"; };
		CD670DC92613123F00BB692B /* Landmark.swift */ = {isa = PBXFileReference; lastKnownFileType = sourcecode.swift; path = Landmark.swift; sourceTree = "<group>"; };
		CDBE32CA2627E4CB00E7C047 /* BadgeBackground.swift */ = {isa = PBXFileReference; lastKnownFileType = sourcecode.swift; path = BadgeBackground.swift; sourceTree = "<group>"; };
		CDBE32CD26282F5800E7C047 /* BadgeSymbol.swift */ = {isa = PBXFileReference; lastKnownFileType = sourcecode.swift; path = BadgeSymbol.swift; sourceTree = "<group>"; };
		CDBE32D02628396400E7C047 /* RotatedBadgeSymbol.swift */ = {isa = PBXFileReference; lastKnownFileType = sourcecode.swift; path = RotatedBadgeSymbol.swift; sourceTree = "<group>"; };
		CDBE32D326283C1D00E7C047 /* Badge.swift */ = {isa = PBXFileReference; lastKnownFileType = sourcecode.swift; path = Badge.swift; sourceTree = "<group>"; };
		CDBE32D82628584F00E7C047 /* hikeData.json */ = {isa = PBXFileReference; fileEncoding = 4; lastKnownFileType = text.json; path = hikeData.json; sourceTree = "<group>"; };
		CDBE32DC2628588200E7C047 /* GraphCapsule.swift */ = {isa = PBXFileReference; fileEncoding = 4; lastKnownFileType = sourcecode.swift; path = GraphCapsule.swift; sourceTree = "<group>"; };
		CDBE32DD2628588200E7C047 /* HikeGraph.swift */ = {isa = PBXFileReference; fileEncoding = 4; lastKnownFileType = sourcecode.swift; path = HikeGraph.swift; sourceTree = "<group>"; };
		CDBE32DE2628588200E7C047 /* HikeDetail.swift */ = {isa = PBXFileReference; fileEncoding = 4; lastKnownFileType = sourcecode.swift; path = HikeDetail.swift; sourceTree = "<group>"; };
		CDBE32DF2628588200E7C047 /* HikeView.swift */ = {isa = PBXFileReference; fileEncoding = 4; lastKnownFileType = sourcecode.swift; path = HikeView.swift; sourceTree = "<group>"; };
		CDBE32EA2628592A00E7C047 /* Hike.swift */ = {isa = PBXFileReference; lastKnownFileType = sourcecode.swift; path = Hike.swift; sourceTree = "<group>"; };
		CDBE32F32629330000E7C047 /* CategoryHome.swift */ = {isa = PBXFileReference; lastKnownFileType = sourcecode.swift; path = CategoryHome.swift; sourceTree = "<group>"; };
		CDBE32F726293B7500E7C047 /* CategoryRow.swift */ = {isa = PBXFileReference; lastKnownFileType = sourcecode.swift; path = CategoryRow.swift; sourceTree = "<group>"; };
		CDBE32FA26295E6900E7C047 /* CategoryItem.swift */ = {isa = PBXFileReference; lastKnownFileType = sourcecode.swift; path = CategoryItem.swift; sourceTree = "<group>"; };
		CDBE32FE26296D1100E7C047 /* Profile.swift */ = {isa = PBXFileReference; lastKnownFileType = sourcecode.swift; path = Profile.swift; sourceTree = "<group>"; };
		CDBE330226296D8700E7C047 /* ProfileHost.swift */ = {isa = PBXFileReference; lastKnownFileType = sourcecode.swift; path = ProfileHost.swift; sourceTree = "<group>"; };
		CDBE330626296E1000E7C047 /* ProfileSummary.swift */ = {isa = PBXFileReference; lastKnownFileType = sourcecode.swift; path = ProfileSummary.swift; sourceTree = "<group>"; };
		CDBE3309262970AB00E7C047 /* HikeBadge.swift */ = {isa = PBXFileReference; lastKnownFileType = sourcecode.swift; path = HikeBadge.swift; sourceTree = "<group>"; };
		CDBE330F26298A2C00E7C047 /* ProfileEditor.swift */ = {isa = PBXFileReference; lastKnownFileType = sourcecode.swift; path = ProfileEditor.swift; sourceTree = "<group>"; };
		CDBE3314262997E900E7C047 /* PageViewController.swift */ = {isa = PBXFileReference; lastKnownFileType = sourcecode.swift; path = PageViewController.swift; sourceTree = "<group>"; };
		CDBE3318262AC1DC00E7C047 /* FeatureCard.swift */ = {isa = PBXFileReference; lastKnownFileType = sourcecode.swift; path = FeatureCard.swift; sourceTree = "<group>"; };
		CDBE331B262AF72A00E7C047 /* PageView.swift */ = {isa = PBXFileReference; lastKnownFileType = sourcecode.swift; path = PageView.swift; sourceTree = "<group>"; };
		CDBE331E262C616100E7C047 /* PageControl.swift */ = {isa = PBXFileReference; lastKnownFileType = sourcecode.swift; path = PageControl.swift; sourceTree = "<group>"; };
		CDBE3323262D651D00E7C047 /* WatchLandmarks.app */ = {isa = PBXFileReference; explicitFileType = wrapper.application; includeInIndex = 0; path = WatchLandmarks.app; sourceTree = BUILT_PRODUCTS_DIR; };
		CDBE3325262D651E00E7C047 /* Assets.xcassets */ = {isa = PBXFileReference; lastKnownFileType = folder.assetcatalog; path = Assets.xcassets; sourceTree = "<group>"; };
		CDBE3327262D651E00E7C047 /* Info.plist */ = {isa = PBXFileReference; lastKnownFileType = text.plist.xml; path = Info.plist; sourceTree = "<group>"; };
		CDBE332C262D651E00E7C047 /* WatchLandmarks Extension.appex */ = {isa = PBXFileReference; explicitFileType = "wrapper.app-extension"; includeInIndex = 0; path = "WatchLandmarks Extension.appex"; sourceTree = BUILT_PRODUCTS_DIR; };
		CDBE3333262D651E00E7C047 /* ContentView.swift */ = {isa = PBXFileReference; lastKnownFileType = sourcecode.swift; path = ContentView.swift; sourceTree = "<group>"; };
		CDBE3335262D651E00E7C047 /* NotificationController.swift */ = {isa = PBXFileReference; lastKnownFileType = sourcecode.swift; path = NotificationController.swift; sourceTree = "<group>"; };
		CDBE3337262D651E00E7C047 /* NotificationView.swift */ = {isa = PBXFileReference; lastKnownFileType = sourcecode.swift; path = NotificationView.swift; sourceTree = "<group>"; };
		CDBE3339262D651E00E7C047 /* ComplicationController.swift */ = {isa = PBXFileReference; lastKnownFileType = sourcecode.swift; path = ComplicationController.swift; sourceTree = "<group>"; };
		CDBE333B262D651E00E7C047 /* Assets.xcassets */ = {isa = PBXFileReference; lastKnownFileType = folder.assetcatalog; path = Assets.xcassets; sourceTree = "<group>"; };
		CDBE333E262D651E00E7C047 /* Preview Assets.xcassets */ = {isa = PBXFileReference; lastKnownFileType = folder.assetcatalog; path = "Preview Assets.xcassets"; sourceTree = "<group>"; };
		CDBE3340262D651E00E7C047 /* Info.plist */ = {isa = PBXFileReference; lastKnownFileType = text.plist.xml; path = Info.plist; sourceTree = "<group>"; };
		CDBE3341262D651E00E7C047 /* PushNotificationPayload.apns */ = {isa = PBXFileReference; lastKnownFileType = text; path = PushNotificationPayload.apns; sourceTree = "<group>"; };
		CDBE3362262D68D100E7C047 /* LandmarkDetail.swift */ = {isa = PBXFileReference; lastKnownFileType = sourcecode.swift; path = LandmarkDetail.swift; sourceTree = "<group>"; };
		CDC8088B2610D94F001E64F3 /* Landmarks.app */ = {isa = PBXFileReference; explicitFileType = wrapper.application; includeInIndex = 0; path = Landmarks.app; sourceTree = BUILT_PRODUCTS_DIR; };
		CDC8088E2610D94F001E64F3 /* LandmarksApp.swift */ = {isa = PBXFileReference; lastKnownFileType = sourcecode.swift; path = LandmarksApp.swift; sourceTree = "<group>"; };
		CDC808902610D94F001E64F3 /* ContentView.swift */ = {isa = PBXFileReference; lastKnownFileType = sourcecode.swift; path = ContentView.swift; sourceTree = "<group>"; };
		CDC808922610D950001E64F3 /* Assets.xcassets */ = {isa = PBXFileReference; lastKnownFileType = folder.assetcatalog; path = Assets.xcassets; sourceTree = "<group>"; };
		CDC808952610D950001E64F3 /* Preview Assets.xcassets */ = {isa = PBXFileReference; lastKnownFileType = folder.assetcatalog; path = "Preview Assets.xcassets"; sourceTree = "<group>"; };
		CDC808972610D950001E64F3 /* Info.plist */ = {isa = PBXFileReference; lastKnownFileType = text.plist.xml; path = Info.plist; sourceTree = "<group>"; };
		CDCAF6202611CDB900483D5E /* CircleImage.swift */ = {isa = PBXFileReference; lastKnownFileType = sourcecode.swift; path = CircleImage.swift; sourceTree = "<group>"; };
		CDCAF6232611D1FD00483D5E /* MapView.swift */ = {isa = PBXFileReference; lastKnownFileType = sourcecode.swift; path = MapView.swift; sourceTree = "<group>"; };
/* End PBXFileReference section */

/* Begin PBXFrameworksBuildPhase section */
		CDBE3329262D651E00E7C047 /* Frameworks */ = {
			isa = PBXFrameworksBuildPhase;
			buildActionMask = 2147483647;
			files = (
			);
			runOnlyForDeploymentPostprocessing = 0;
		};
		CDC808882610D94F001E64F3 /* Frameworks */ = {
			isa = PBXFrameworksBuildPhase;
			buildActionMask = 2147483647;
			files = (
			);
			runOnlyForDeploymentPostprocessing = 0;
		};
/* End PBXFrameworksBuildPhase section */

/* Begin PBXGroup section */
		CD64987C2620B4990045E873 /* Views */ = {
			isa = PBXGroup;
			children = (
				CDC808902610D94F001E64F3 /* ContentView.swift */,
				CDBE3313262997C400E7C047 /* PageView */,
				CDBE330126296D5400E7C047 /* Profiles */,
				CDBE32F2262932D300E7C047 /* Categories */,
				CDBE32DB2628588200E7C047 /* Hikes */,
				CD64988E2626E8EF0045E873 /* Helpers */,
				CD64988D2626E8DD0045E873 /* Landmarks */,
				CDBE32D6262855A900E7C047 /* Badges */,
			);
			path = Views;
			sourceTree = "<group>";
		};
		CD64987D2620B4AF0045E873 /* Model */ = {
			isa = PBXGroup;
			children = (
				CDBE32EA2628592A00E7C047 /* Hike.swift */,
				CD670DC92613123F00BB692B /* Landmark.swift */,
				CD6498792620AB6D0045E873 /* ModelData.swift */,
				CDBE32FE26296D1100E7C047 /* Profile.swift */,
			);
			path = Model;
			sourceTree = "<group>";
		};
		CD64987E2620B4D70045E873 /* Resource */ = {
			isa = PBXGroup;
			children = (
				CDBE32D82628584F00E7C047 /* hikeData.json */,
				CD670DC62613114300BB692B /* landmarkData.json */,
			);
			path = Resource;
			sourceTree = "<group>";
		};
		CD64988D2626E8DD0045E873 /* Landmarks */ = {
			isa = PBXGroup;
			children = (
				CD64988026215DC90045E873 /* LandmarkRow.swift */,
				CD64988426216CDD0045E873 /* LandmarkList.swift */,
				CD6498872621763D0045E873 /* LandmarkDetail.swift */,
			);
			path = Landmarks;
			sourceTree = "<group>";
		};
		CD64988E2626E8EF0045E873 /* Helpers */ = {
			isa = PBXGroup;
			children = (
				CDCAF6202611CDB900483D5E /* CircleImage.swift */,
				CDCAF6232611D1FD00483D5E /* MapView.swift */,
				CD64988A2626DE410045E873 /* FavoriteButton.swift */,
			);
			path = Helpers;
			sourceTree = "<group>";
		};
		CDBE32D6262855A900E7C047 /* Badges */ = {
			isa = PBXGroup;
			children = (
				CD6498912627097C0045E873 /* HexagonParameters.swift */,
				CDBE32CA2627E4CB00E7C047 /* BadgeBackground.swift */,
				CDBE32CD26282F5800E7C047 /* BadgeSymbol.swift */,
				CDBE32D02628396400E7C047 /* RotatedBadgeSymbol.swift */,
				CDBE32D326283C1D00E7C047 /* Badge.swift */,
			);
			path = Badges;
			sourceTree = "<group>";
		};
		CDBE32DB2628588200E7C047 /* Hikes */ = {
			isa = PBXGroup;
			children = (
				CDBE32DC2628588200E7C047 /* GraphCapsule.swift */,
				CDBE32DD2628588200E7C047 /* HikeGraph.swift */,
				CDBE32DE2628588200E7C047 /* HikeDetail.swift */,
				CDBE32DF2628588200E7C047 /* HikeView.swift */,
				CDBE3309262970AB00E7C047 /* HikeBadge.swift */,
			);
			path = Hikes;
			sourceTree = "<group>";
		};
		CDBE32F2262932D300E7C047 /* Categories */ = {
			isa = PBXGroup;
			children = (
				CDBE32F32629330000E7C047 /* CategoryHome.swift */,
				CDBE32F726293B7500E7C047 /* CategoryRow.swift */,
				CDBE32FA26295E6900E7C047 /* CategoryItem.swift */,
			);
			path = Categories;
			sourceTree = "<group>";
		};
		CDBE330126296D5400E7C047 /* Profiles */ = {
			isa = PBXGroup;
			children = (
				CDBE330226296D8700E7C047 /* ProfileHost.swift */,
				CDBE330626296E1000E7C047 /* ProfileSummary.swift */,
				CDBE330F26298A2C00E7C047 /* ProfileEditor.swift */,
			);
			path = Profiles;
			sourceTree = "<group>";
		};
		CDBE3313262997C400E7C047 /* PageView */ = {
			isa = PBXGroup;
			children = (
				CDBE3314262997E900E7C047 /* PageViewController.swift */,
				CDBE3318262AC1DC00E7C047 /* FeatureCard.swift */,
				CDBE331B262AF72A00E7C047 /* PageView.swift */,
				CDBE331E262C616100E7C047 /* PageControl.swift */,
			);
			path = PageView;
			sourceTree = "<group>";
		};
		CDBE3324262D651D00E7C047 /* WatchLandmarks */ = {
			isa = PBXGroup;
			children = (
				CDBE3325262D651E00E7C047 /* Assets.xcassets */,
				CDBE3327262D651E00E7C047 /* Info.plist */,
			);
			path = WatchLandmarks;
			sourceTree = "<group>";
		};
		CDBE3330262D651E00E7C047 /* WatchLandmarks Extension */ = {
			isa = PBXGroup;
			children = (
				CDBE3333262D651E00E7C047 /* ContentView.swift */,
				CDBE3335262D651E00E7C047 /* NotificationController.swift */,
				CDBE3337262D651E00E7C047 /* NotificationView.swift */,
				CDBE3339262D651E00E7C047 /* ComplicationController.swift */,
				CDBE3362262D68D100E7C047 /* LandmarkDetail.swift */,
				CDBE333B262D651E00E7C047 /* Assets.xcassets */,
				CDBE3340262D651E00E7C047 /* Info.plist */,
				CDBE3341262D651E00E7C047 /* PushNotificationPayload.apns */,
				CDBE333D262D651E00E7C047 /* Preview Content */,
			);
			path = "WatchLandmarks Extension";
			sourceTree = "<group>";
		};
		CDBE333D262D651E00E7C047 /* Preview Content */ = {
			isa = PBXGroup;
			children = (
				CDBE333E262D651E00E7C047 /* Preview Assets.xcassets */,
			);
			path = "Preview Content";
			sourceTree = "<group>";
		};
		CDC808822610D94F001E64F3 = {
			isa = PBXGroup;
			children = (
				CDC8088D2610D94F001E64F3 /* Landmarks */,
				CDBE3324262D651D00E7C047 /* WatchLandmarks */,
				CDBE3330262D651E00E7C047 /* WatchLandmarks Extension */,
				CDC8088C2610D94F001E64F3 /* Products */,
			);
			sourceTree = "<group>";
		};
		CDC8088C2610D94F001E64F3 /* Products */ = {
			isa = PBXGroup;
			children = (
				CDC8088B2610D94F001E64F3 /* Landmarks.app */,
				CDBE3323262D651D00E7C047 /* WatchLandmarks.app */,
				CDBE332C262D651E00E7C047 /* WatchLandmarks Extension.appex */,
			);
			name = Products;
			sourceTree = "<group>";
		};
		CDC8088D2610D94F001E64F3 /* Landmarks */ = {
			isa = PBXGroup;
			children = (
				CDC8088E2610D94F001E64F3 /* LandmarksApp.swift */,
				CD64987C2620B4990045E873 /* Views */,
				CD64987D2620B4AF0045E873 /* Model */,
				CD64987E2620B4D70045E873 /* Resource */,
				CDC808922610D950001E64F3 /* Assets.xcassets */,
				CDC808972610D950001E64F3 /* Info.plist */,
				CDC808942610D950001E64F3 /* Preview Content */,
			);
			path = Landmarks;
			sourceTree = "<group>";
		};
		CDC808942610D950001E64F3 /* Preview Content */ = {
			isa = PBXGroup;
			children = (
				CDC808952610D950001E64F3 /* Preview Assets.xcassets */,
			);
			path = "Preview Content";
			sourceTree = "<group>";
		};
/* End PBXGroup section */

/* Begin PBXNativeTarget section */
		CDBE3322262D651D00E7C047 /* WatchLandmarks */ = {
			isa = PBXNativeTarget;
			buildConfigurationList = CDBE3349262D651E00E7C047 /* Build configuration list for PBXNativeTarget "WatchLandmarks" */;
			buildPhases = (
				CDBE3321262D651D00E7C047 /* Resources */,
				CDBE3348262D651E00E7C047 /* Embed App Extensions */,
			);
			buildRules = (
			);
			dependencies = (
				CDBE332F262D651E00E7C047 /* PBXTargetDependency */,
			);
			name = WatchLandmarks;
			productName = WatchLandmarks;
			productReference = CDBE3323262D651D00E7C047 /* WatchLandmarks.app */;
			productType = "com.apple.product-type.application.watchapp2";
		};
		CDBE332B262D651E00E7C047 /* WatchLandmarks Extension */ = {
			isa = PBXNativeTarget;
			buildConfigurationList = CDBE3345262D651E00E7C047 /* Build configuration list for PBXNativeTarget "WatchLandmarks Extension" */;
			buildPhases = (
				CDBE3328262D651E00E7C047 /* Sources */,
				CDBE3329262D651E00E7C047 /* Frameworks */,
				CDBE332A262D651E00E7C047 /* Resources */,
			);
			buildRules = (
			);
			dependencies = (
			);
			name = "WatchLandmarks Extension";
			productName = "WatchLandmarks Extension";
			productReference = CDBE332C262D651E00E7C047 /* WatchLandmarks Extension.appex */;
			productType = "com.apple.product-type.watchkit2-extension";
		};
		CDC8088A2610D94F001E64F3 /* Landmarks */ = {
			isa = PBXNativeTarget;
			buildConfigurationList = CDC8089A2610D950001E64F3 /* Build configuration list for PBXNativeTarget "Landmarks" */;
			buildPhases = (
				CDC808872610D94F001E64F3 /* Sources */,
				CDC808882610D94F001E64F3 /* Frameworks */,
				CDC808892610D94F001E64F3 /* Resources */,
				CDBE334C262D651E00E7C047 /* Embed Watch Content */,
			);
			buildRules = (
			);
			dependencies = (
				CDBE3343262D651E00E7C047 /* PBXTargetDependency */,
			);
			name = Landmarks;
			productName = Landmarks;
			productReference = CDC8088B2610D94F001E64F3 /* Landmarks.app */;
			productType = "com.apple.product-type.application";
		};
/* End PBXNativeTarget section */

/* Begin PBXProject section */
		CDC808832610D94F001E64F3 /* Project object */ = {
			isa = PBXProject;
			attributes = {
				LastSwiftUpdateCheck = 1240;
				LastUpgradeCheck = 1240;
				TargetAttributes = {
					CDBE3322262D651D00E7C047 = {
						CreatedOnToolsVersion = 12.4;
					};
					CDBE332B262D651E00E7C047 = {
						CreatedOnToolsVersion = 12.4;
					};
					CDC8088A2610D94F001E64F3 = {
						CreatedOnToolsVersion = 12.4;
					};
				};
			};
			buildConfigurationList = CDC808862610D94F001E64F3 /* Build configuration list for PBXProject "Landmarks" */;
			compatibilityVersion = "Xcode 9.3";
			developmentRegion = en;
			hasScannedForEncodings = 0;
			knownRegions = (
				en,
				Base,
			);
			mainGroup = CDC808822610D94F001E64F3;
			productRefGroup = CDC8088C2610D94F001E64F3 /* Products */;
			projectDirPath = "";
			projectRoot = "";
			targets = (
				CDC8088A2610D94F001E64F3 /* Landmarks */,
				CDBE3322262D651D00E7C047 /* WatchLandmarks */,
				CDBE332B262D651E00E7C047 /* WatchLandmarks Extension */,
			);
		};
/* End PBXProject section */

/* Begin PBXResourcesBuildPhase section */
		CDBE3321262D651D00E7C047 /* Resources */ = {
			isa = PBXResourcesBuildPhase;
			buildActionMask = 2147483647;
			files = (
				CDBE3326262D651E00E7C047 /* Assets.xcassets in Resources */,
			);
			runOnlyForDeploymentPostprocessing = 0;
		};
		CDBE332A262D651E00E7C047 /* Resources */ = {
			isa = PBXResourcesBuildPhase;
			buildActionMask = 2147483647;
			files = (
				CDBE333F262D651E00E7C047 /* Preview Assets.xcassets in Resources */,
				CDBE333C262D651E00E7C047 /* Assets.xcassets in Resources */,
				CDBE3359262D666300E7C047 /* Assets.xcassets in Resources */,
				CDBE3358262D666300E7C047 /* landmarkData.json in Resources */,
				CDBE335B262D666300E7C047 /* hikeData.json in Resources */,
			);
			runOnlyForDeploymentPostprocessing = 0;
		};
		CDC808892610D94F001E64F3 /* Resources */ = {
			isa = PBXResourcesBuildPhase;
			buildActionMask = 2147483647;
			files = (
				CDBE32D92628584F00E7C047 /* hikeData.json in Resources */,
				CDC808962610D950001E64F3 /* Preview Assets.xcassets in Resources */,
				CDC808932610D950001E64F3 /* Assets.xcassets in Resources */,
				CD670DC72613114300BB692B /* landmarkData.json in Resources */,
			);
			runOnlyForDeploymentPostprocessing = 0;
		};
/* End PBXResourcesBuildPhase section */

/* Begin PBXSourcesBuildPhase section */
		CDBE3328262D651E00E7C047 /* Sources */ = {
			isa = PBXSourcesBuildPhase;
			buildActionMask = 2147483647;
			files = (
				CDBE3336262D651E00E7C047 /* NotificationController.swift in Sources */,
				CDBE335E262D666300E7C047 /* LandmarkRow.swift in Sources */,
				CDBE3334262D651E00E7C047 /* ContentView.swift in Sources */,
				CDBE333A262D651E00E7C047 /* ComplicationController.swift in Sources */,
				CDBE335C262D666300E7C047 /* MapView.swift in Sources */,
				CDBE3355262D666300E7C047 /* Hike.swift in Sources */,
				CDBE3363262D68D100E7C047 /* LandmarkDetail.swift in Sources */,
				CDBE3338262D651E00E7C047 /* NotificationView.swift in Sources */,
				CDBE3356262D666300E7C047 /* ModelData.swift in Sources */,
				CDBE335D262D666300E7C047 /* LandmarksApp.swift in Sources */,
				CDBE3353262D666300E7C047 /* Landmark.swift in Sources */,
				CDBE3357262D666300E7C047 /* Profile.swift in Sources */,
				CDBE3354262D666300E7C047 /* CircleImage.swift in Sources */,
				CDBE335A262D666300E7C047 /* LandmarkList.swift in Sources */,
			);
			runOnlyForDeploymentPostprocessing = 0;
		};
		CDC808872610D94F001E64F3 /* Sources */ = {
			isa = PBXSourcesBuildPhase;
			buildActionMask = 2147483647;
			files = (
				CDBE32F826293B7500E7C047 /* CategoryRow.swift in Sources */,
				CDBE32FF26296D1100E7C047 /* Profile.swift in Sources */,
				CDC808912610D94F001E64F3 /* ContentView.swift in Sources */,
				CDBE32F42629330000E7C047 /* CategoryHome.swift in Sources */,
				CDBE3319262AC1DC00E7C047 /* FeatureCard.swift in Sources */,
				CDBE32D426283C1D00E7C047 /* Badge.swift in Sources */,
				CDCAF6242611D1FD00483D5E /* MapView.swift in Sources */,
				CDC8088F2610D94F001E64F3 /* LandmarksApp.swift in Sources */,
				CDBE32E32628588200E7C047 /* HikeView.swift in Sources */,
				CD64988B2626DE410045E873 /* FavoriteButton.swift in Sources */,
				CDBE331F262C616100E7C047 /* PageControl.swift in Sources */,
				CD6498922627097C0045E873 /* HexagonParameters.swift in Sources */,
				CDBE32FB26295E6900E7C047 /* CategoryItem.swift in Sources */,
				CDBE32D12628396400E7C047 /* RotatedBadgeSymbol.swift in Sources */,
				CDBE330726296E1000E7C047 /* ProfileSummary.swift in Sources */,
				CDBE32CE26282F5800E7C047 /* BadgeSymbol.swift in Sources */,
				CDBE330326296D8700E7C047 /* ProfileHost.swift in Sources */,
				CD64988526216CDD0045E873 /* LandmarkList.swift in Sources */,
				CDBE32EB2628592A00E7C047 /* Hike.swift in Sources */,
				CDBE331C262AF72A00E7C047 /* PageView.swift in Sources */,
				CD6498882621763D0045E873 /* LandmarkDetail.swift in Sources */,
				CDBE331026298A2C00E7C047 /* ProfileEditor.swift in Sources */,
				CDBE32CB2627E4CB00E7C047 /* BadgeBackground.swift in Sources */,
				CDBE32E22628588200E7C047 /* HikeDetail.swift in Sources */,
				CDCAF6212611CDB900483D5E /* CircleImage.swift in Sources */,
				CDBE3315262997E900E7C047 /* PageViewController.swift in Sources */,
				CDBE32E02628588200E7C047 /* GraphCapsule.swift in Sources */,
				CDBE330A262970AB00E7C047 /* HikeBadge.swift in Sources */,
				CD670DCA2613123F00BB692B /* Landmark.swift in Sources */,
				CD64988126215DC90045E873 /* LandmarkRow.swift in Sources */,
				CD64987A2620AB6D0045E873 /* ModelData.swift in Sources */,
				CDBE32E12628588200E7C047 /* HikeGraph.swift in Sources */,
			);
			runOnlyForDeploymentPostprocessing = 0;
		};
/* End PBXSourcesBuildPhase section */

/* Begin PBXTargetDependency section */
		CDBE332F262D651E00E7C047 /* PBXTargetDependency */ = {
			isa = PBXTargetDependency;
			target = CDBE332B262D651E00E7C047 /* WatchLandmarks Extension */;
			targetProxy = CDBE332E262D651E00E7C047 /* PBXContainerItemProxy */;
		};
		CDBE3343262D651E00E7C047 /* PBXTargetDependency */ = {
			isa = PBXTargetDependency;
			target = CDBE3322262D651D00E7C047 /* WatchLandmarks */;
			targetProxy = CDBE3342262D651E00E7C047 /* PBXContainerItemProxy */;
		};
/* End PBXTargetDependency section */

/* Begin XCBuildConfiguration section */
		CDBE3346262D651E00E7C047 /* Debug */ = {
			isa = XCBuildConfiguration;
			buildSettings = {
				ASSETCATALOG_COMPILER_COMPLICATION_NAME = Complication;
				CODE_SIGN_STYLE = Automatic;
				DEVELOPMENT_ASSET_PATHS = "\"WatchLandmarks Extension/Preview Content\"";
				ENABLE_PREVIEWS = YES;
				INFOPLIST_FILE = "WatchLandmarks Extension/Info.plist";
				LD_RUNPATH_SEARCH_PATHS = (
					"$(inherited)",
					"@executable_path/Frameworks",
					"@executable_path/../../Frameworks",
				);
				PRODUCT_BUNDLE_IDENTIFIER = DreamHome.Landmarks.watchkitapp.watchkitextension;
				PRODUCT_NAME = "${TARGET_NAME}";
				SDKROOT = watchos;
				SKIP_INSTALL = YES;
				SWIFT_VERSION = 5.0;
				TARGETED_DEVICE_FAMILY = 4;
				WATCHOS_DEPLOYMENT_TARGET = 7.2;
			};
			name = Debug;
		};
		CDBE3347262D651E00E7C047 /* Release */ = {
			isa = XCBuildConfiguration;
			buildSettings = {
				ASSETCATALOG_COMPILER_COMPLICATION_NAME = Complication;
				CODE_SIGN_STYLE = Automatic;
				DEVELOPMENT_ASSET_PATHS = "\"WatchLandmarks Extension/Preview Content\"";
				ENABLE_PREVIEWS = YES;
				INFOPLIST_FILE = "WatchLandmarks Extension/Info.plist";
				LD_RUNPATH_SEARCH_PATHS = (
					"$(inherited)",
					"@executable_path/Frameworks",
					"@executable_path/../../Frameworks",
				);
				PRODUCT_BUNDLE_IDENTIFIER = DreamHome.Landmarks.watchkitapp.watchkitextension;
				PRODUCT_NAME = "${TARGET_NAME}";
				SDKROOT = watchos;
				SKIP_INSTALL = YES;
				SWIFT_VERSION = 5.0;
				TARGETED_DEVICE_FAMILY = 4;
				WATCHOS_DEPLOYMENT_TARGET = 7.2;
			};
			name = Release;
		};
		CDBE334A262D651E00E7C047 /* Debug */ = {
			isa = XCBuildConfiguration;
			buildSettings = {
				ALWAYS_EMBED_SWIFT_STANDARD_LIBRARIES = YES;
				ASSETCATALOG_COMPILER_APPICON_NAME = AppIcon;
				ASSETCATALOG_COMPILER_GLOBAL_ACCENT_COLOR_NAME = AccentColor;
				CODE_SIGN_STYLE = Automatic;
				IBSC_MODULE = WatchLandmarks_Extension;
				INFOPLIST_FILE = WatchLandmarks/Info.plist;
				PRODUCT_BUNDLE_IDENTIFIER = DreamHome.Landmarks.watchkitapp;
				PRODUCT_NAME = "$(TARGET_NAME)";
				SDKROOT = watchos;
				SKIP_INSTALL = YES;
				SWIFT_VERSION = 5.0;
				TARGETED_DEVICE_FAMILY = 4;
				WATCHOS_DEPLOYMENT_TARGET = 7.2;
			};
			name = Debug;
		};
		CDBE334B262D651E00E7C047 /* Release */ = {
			isa = XCBuildConfiguration;
			buildSettings = {
				ALWAYS_EMBED_SWIFT_STANDARD_LIBRARIES = YES;
				ASSETCATALOG_COMPILER_APPICON_NAME = AppIcon;
				ASSETCATALOG_COMPILER_GLOBAL_ACCENT_COLOR_NAME = AccentColor;
				CODE_SIGN_STYLE = Automatic;
				IBSC_MODULE = WatchLandmarks_Extension;
				INFOPLIST_FILE = WatchLandmarks/Info.plist;
				PRODUCT_BUNDLE_IDENTIFIER = DreamHome.Landmarks.watchkitapp;
				PRODUCT_NAME = "$(TARGET_NAME)";
				SDKROOT = watchos;
				SKIP_INSTALL = YES;
				SWIFT_VERSION = 5.0;
				TARGETED_DEVICE_FAMILY = 4;
				WATCHOS_DEPLOYMENT_TARGET = 7.2;
			};
			name = Release;
		};
		CDC808982610D950001E64F3 /* Debug */ = {
			isa = XCBuildConfiguration;
			buildSettings = {
				ALWAYS_SEARCH_USER_PATHS = NO;
				CLANG_ANALYZER_NONNULL = YES;
				CLANG_ANALYZER_NUMBER_OBJECT_CONVERSION = YES_AGGRESSIVE;
				CLANG_CXX_LANGUAGE_STANDARD = "gnu++14";
				CLANG_CXX_LIBRARY = "libc++";
				CLANG_ENABLE_MODULES = YES;
				CLANG_ENABLE_OBJC_ARC = YES;
				CLANG_ENABLE_OBJC_WEAK = YES;
				CLANG_WARN_BLOCK_CAPTURE_AUTORELEASING = YES;
				CLANG_WARN_BOOL_CONVERSION = YES;
				CLANG_WARN_COMMA = YES;
				CLANG_WARN_CONSTANT_CONVERSION = YES;
				CLANG_WARN_DEPRECATED_OBJC_IMPLEMENTATIONS = YES;
				CLANG_WARN_DIRECT_OBJC_ISA_USAGE = YES_ERROR;
				CLANG_WARN_DOCUMENTATION_COMMENTS = YES;
				CLANG_WARN_EMPTY_BODY = YES;
				CLANG_WARN_ENUM_CONVERSION = YES;
				CLANG_WARN_INFINITE_RECURSION = YES;
				CLANG_WARN_INT_CONVERSION = YES;
				CLANG_WARN_NON_LITERAL_NULL_CONVERSION = YES;
				CLANG_WARN_OBJC_IMPLICIT_RETAIN_SELF = YES;
				CLANG_WARN_OBJC_LITERAL_CONVERSION = YES;
				CLANG_WARN_OBJC_ROOT_CLASS = YES_ERROR;
				CLANG_WARN_QUOTED_INCLUDE_IN_FRAMEWORK_HEADER = YES;
				CLANG_WARN_RANGE_LOOP_ANALYSIS = YES;
				CLANG_WARN_STRICT_PROTOTYPES = YES;
				CLANG_WARN_SUSPICIOUS_MOVE = YES;
				CLANG_WARN_UNGUARDED_AVAILABILITY = YES_AGGRESSIVE;
				CLANG_WARN_UNREACHABLE_CODE = YES;
				CLANG_WARN__DUPLICATE_METHOD_MATCH = YES;
				COPY_PHASE_STRIP = NO;
				DEBUG_INFORMATION_FORMAT = dwarf;
				ENABLE_STRICT_OBJC_MSGSEND = YES;
				ENABLE_TESTABILITY = YES;
				GCC_C_LANGUAGE_STANDARD = gnu11;
				GCC_DYNAMIC_NO_PIC = NO;
				GCC_NO_COMMON_BLOCKS = YES;
				GCC_OPTIMIZATION_LEVEL = 0;
				GCC_PREPROCESSOR_DEFINITIONS = (
					"DEBUG=1",
					"$(inherited)",
				);
				GCC_WARN_64_TO_32_BIT_CONVERSION = YES;
				GCC_WARN_ABOUT_RETURN_TYPE = YES_ERROR;
				GCC_WARN_UNDECLARED_SELECTOR = YES;
				GCC_WARN_UNINITIALIZED_AUTOS = YES_AGGRESSIVE;
				GCC_WARN_UNUSED_FUNCTION = YES;
				GCC_WARN_UNUSED_VARIABLE = YES;
				IPHONEOS_DEPLOYMENT_TARGET = 14.4;
				MTL_ENABLE_DEBUG_INFO = INCLUDE_SOURCE;
				MTL_FAST_MATH = YES;
				ONLY_ACTIVE_ARCH = YES;
				SDKROOT = iphoneos;
				SWIFT_ACTIVE_COMPILATION_CONDITIONS = DEBUG;
				SWIFT_OPTIMIZATION_LEVEL = "-Onone";
			};
			name = Debug;
		};
		CDC808992610D950001E64F3 /* Release */ = {
			isa = XCBuildConfiguration;
			buildSettings = {
				ALWAYS_SEARCH_USER_PATHS = NO;
				CLANG_ANALYZER_NONNULL = YES;
				CLANG_ANALYZER_NUMBER_OBJECT_CONVERSION = YES_AGGRESSIVE;
				CLANG_CXX_LANGUAGE_STANDARD = "gnu++14";
				CLANG_CXX_LIBRARY = "libc++";
				CLANG_ENABLE_MODULES = YES;
				CLANG_ENABLE_OBJC_ARC = YES;
				CLANG_ENABLE_OBJC_WEAK = YES;
				CLANG_WARN_BLOCK_CAPTURE_AUTORELEASING = YES;
				CLANG_WARN_BOOL_CONVERSION = YES;
				CLANG_WARN_COMMA = YES;
				CLANG_WARN_CONSTANT_CONVERSION = YES;
				CLANG_WARN_DEPRECATED_OBJC_IMPLEMENTATIONS = YES;
				CLANG_WARN_DIRECT_OBJC_ISA_USAGE = YES_ERROR;
				CLANG_WARN_DOCUMENTATION_COMMENTS = YES;
				CLANG_WARN_EMPTY_BODY = YES;
				CLANG_WARN_ENUM_CONVERSION = YES;
				CLANG_WARN_INFINITE_RECURSION = YES;
				CLANG_WARN_INT_CONVERSION = YES;
				CLANG_WARN_NON_LITERAL_NULL_CONVERSION = YES;
				CLANG_WARN_OBJC_IMPLICIT_RETAIN_SELF = YES;
				CLANG_WARN_OBJC_LITERAL_CONVERSION = YES;
				CLANG_WARN_OBJC_ROOT_CLASS = YES_ERROR;
				CLANG_WARN_QUOTED_INCLUDE_IN_FRAMEWORK_HEADER = YES;
				CLANG_WARN_RANGE_LOOP_ANALYSIS = YES;
				CLANG_WARN_STRICT_PROTOTYPES = YES;
				CLANG_WARN_SUSPICIOUS_MOVE = YES;
				CLANG_WARN_UNGUARDED_AVAILABILITY = YES_AGGRESSIVE;
				CLANG_WARN_UNREACHABLE_CODE = YES;
				CLANG_WARN__DUPLICATE_METHOD_MATCH = YES;
				COPY_PHASE_STRIP = NO;
				DEBUG_INFORMATION_FORMAT = "dwarf-with-dsym";
				ENABLE_NS_ASSERTIONS = NO;
				ENABLE_STRICT_OBJC_MSGSEND = YES;
				GCC_C_LANGUAGE_STANDARD = gnu11;
				GCC_NO_COMMON_BLOCKS = YES;
				GCC_WARN_64_TO_32_BIT_CONVERSION = YES;
				GCC_WARN_ABOUT_RETURN_TYPE = YES_ERROR;
				GCC_WARN_UNDECLARED_SELECTOR = YES;
				GCC_WARN_UNINITIALIZED_AUTOS = YES_AGGRESSIVE;
				GCC_WARN_UNUSED_FUNCTION = YES;
				GCC_WARN_UNUSED_VARIABLE = YES;
				IPHONEOS_DEPLOYMENT_TARGET = 14.4;
				MTL_ENABLE_DEBUG_INFO = NO;
				MTL_FAST_MATH = YES;
				SDKROOT = iphoneos;
				SWIFT_COMPILATION_MODE = wholemodule;
				SWIFT_OPTIMIZATION_LEVEL = "-O";
				VALIDATE_PRODUCT = YES;
			};
			name = Release;
		};
		CDC8089B2610D950001E64F3 /* Debug */ = {
			isa = XCBuildConfiguration;
			buildSettings = {
				ASSETCATALOG_COMPILER_APPICON_NAME = AppIcon;
				ASSETCATALOG_COMPILER_GLOBAL_ACCENT_COLOR_NAME = AccentColor;
				CODE_SIGN_STYLE = Automatic;
				DEVELOPMENT_ASSET_PATHS = "\"Landmarks/Preview Content\"";
				ENABLE_PREVIEWS = YES;
				INFOPLIST_FILE = Landmarks/Info.plist;
				IPHONEOS_DEPLOYMENT_TARGET = 14.0;
				LD_RUNPATH_SEARCH_PATHS = (
					"$(inherited)",
					"@executable_path/Frameworks",
				);
				PRODUCT_BUNDLE_IDENTIFIER = DreamHome.Landmarks;
				PRODUCT_NAME = "$(TARGET_NAME)";
				SWIFT_VERSION = 5.0;
				TARGETED_DEVICE_FAMILY = "1,2";
			};
			name = Debug;
		};
		CDC8089C2610D950001E64F3 /* Release */ = {
			isa = XCBuildConfiguration;
			buildSettings = {
				ASSETCATALOG_COMPILER_APPICON_NAME = AppIcon;
				ASSETCATALOG_COMPILER_GLOBAL_ACCENT_COLOR_NAME = AccentColor;
				CODE_SIGN_STYLE = Automatic;
				DEVELOPMENT_ASSET_PATHS = "\"Landmarks/Preview Content\"";
				ENABLE_PREVIEWS = YES;
				INFOPLIST_FILE = Landmarks/Info.plist;
				IPHONEOS_DEPLOYMENT_TARGET = 14.0;
				LD_RUNPATH_SEARCH_PATHS = (
					"$(inherited)",
					"@executable_path/Frameworks",
				);
				PRODUCT_BUNDLE_IDENTIFIER = DreamHome.Landmarks;
				PRODUCT_NAME = "$(TARGET_NAME)";
				SWIFT_VERSION = 5.0;
				TARGETED_DEVICE_FAMILY = "1,2";
			};
			name = Release;
		};
/* End XCBuildConfiguration section */

/* Begin XCConfigurationList section */
		CDBE3345262D651E00E7C047 /* Build configuration list for PBXNativeTarget "WatchLandmarks Extension" */ = {
			isa = XCConfigurationList;
			buildConfigurations = (
				CDBE3346262D651E00E7C047 /* Debug */,
				CDBE3347262D651E00E7C047 /* Release */,
			);
			defaultConfigurationIsVisible = 0;
			defaultConfigurationName = Release;
		};
		CDBE3349262D651E00E7C047 /* Build configuration list for PBXNativeTarget "WatchLandmarks" */ = {
			isa = XCConfigurationList;
			buildConfigurations = (
				CDBE334A262D651E00E7C047 /* Debug */,
				CDBE334B262D651E00E7C047 /* Release */,
			);
			defaultConfigurationIsVisible = 0;
			defaultConfigurationName = Release;
		};
		CDC808862610D94F001E64F3 /* Build configuration list for PBXProject "Landmarks" */ = {
			isa = XCConfigurationList;
			buildConfigurations = (
				CDC808982610D950001E64F3 /* Debug */,
				CDC808992610D950001E64F3 /* Release */,
			);
			defaultConfigurationIsVisible = 0;
			defaultConfigurationName = Release;
		};
		CDC8089A2610D950001E64F3 /* Build configuration list for PBXNativeTarget "Landmarks" */ = {
			isa = XCConfigurationList;
			buildConfigurations = (
				CDC8089B2610D950001E64F3 /* Debug */,
				CDC8089C2610D950001E64F3 /* Release */,
			);
			defaultConfigurationIsVisible = 0;
			defaultConfigurationName = Release;
		};
/* End XCConfigurationList section */
	};
	rootObject = CDC808832610D94F001E64F3 /* Project object */;
}
